
Microsoft Visual Studio Solution File, Format Version 12.00
# Visual Studio Version 16
VisualStudioVersion = 16.0.29209.62
MinimumVisualStudioVersion = 10.0.40219.1
Project("{FAE04EC0-301F-11D3-BF4B-00C04F79EFBC}") = "TuSharePro", "TuSharePro\TuSharePro.csproj", "{F1FB46E9-B1F7-4ED9-8C43-5E494F593C11}"
EndProject
Project("{FAE04EC0-301F-11D3-BF4B-00C04F79EFBC}") = "TuSharePro-Net", "TuSharePro-Net\TuSharePro-Net.csproj", "{D80EB903-6465-459C-ADD6-73AF6EB9A88B}"
EndProject
Project("{FAE04EC0-301F-11D3-BF4B-00C04F79EFBC}") = "Test", "Test\Test.csproj", "{5459E212-AF70-4AED-B645-5CAD5D110B7D}"
EndProject
Global
	GlobalSection(SolutionConfigurationPlatforms) = preSolution
		Debug|Any CPU = Debug|Any CPU
		Release|Any CPU = Release|Any CPU
	EndGlobalSection
	GlobalSection(ProjectConfigurationPlatforms) = postSolution
		{F1FB46E9-B1F7-4ED9-8C43-5E494F593C11}.Debug|Any CPU.ActiveCfg = Debug|Any CPU
		{F1FB46E9-B1F7-4ED9-8C43-5E494F593C11}.Debug|Any CPU.Build.0 = Debug|Any CPU
		{F1FB46E9-B1F7-4ED9-8C43-5E494F593C11}.Release|Any CPU.ActiveCfg = Release|Any CPU
		{F1FB46E9-B1F7-4ED9-8C43-5E494F593C11}.Release|Any CPU.Build.0 = Release|Any CPU
		{D80EB903-6465-459C-ADD6-73AF6EB9A88B}.Debug|Any CPU.ActiveCfg = Debug|Any CPU
		{D80EB903-6465-459C-ADD6-73AF6EB9A88B}.Debug|Any CPU.Build.0 = Debug|Any CPU
		{D80EB903-6465-459C-ADD6-73AF6EB9A88B}.Release|Any CPU.ActiveCfg = Release|Any CPU
		{D80EB903-6465-459C-ADD6-73AF6EB9A88B}.Release|Any CPU.Build.0 = Release|Any CPU
		{5459E212-AF70-4AED-B645-5CAD5D110B7D}.Debug|Any CPU.ActiveCfg = Debug|Any CPU
		{5459E212-AF70-4AED-B645-5CAD5D110B7D}.Debug|Any CPU.Build.0 = Debug|Any CPU
		{5459E212-AF70-4AED-B645-5CAD5D110B7D}.Release|Any CPU.ActiveCfg = Release|Any CPU
		{5459E212-AF70-4AED-B645-5CAD5D110B7D}.Release|Any CPU.Build.0 = Release|Any CPU
	EndGlobalSection
	GlobalSection(SolutionProperties) = preSolution
		HideSolutionNode = FALSE
	EndGlobalSection
	GlobalSection(ExtensibilityGlobals) = postSolution
		SolutionGuid = {74FC76D1-086F-42B1-B653-18DACA948A77}
	EndGlobalSection
EndGlobal
